{
    "_readme": [
        "This file locks the dependencies of your project to a known state",
        "Read more about it at https://getcomposer.org/doc/01-basic-usage.md#installing-dependencies",
        "This file is @generated automatically"
    ],
    "content-hash": "4e02ab5e5c79d8a03212e5e2d01d4b6a",
    "packages": [
        {
            "name": "simps/mqtt",
            "version": "v1.4.0",
            "source": {
                "type": "git",
                "url": "https://github.com/simps/mqtt.git",
                "reference": "5c5505a4884e52ede422ebe1a809dcd8de77f1d7"
            },
            "dist": {
                "type": "zip",
                "url": "https://api.github.com/repos/simps/mqtt/zipball/5c5505a4884e52ede422ebe1a809dcd8de77f1d7",
                "reference": "5c5505a4884e52ede422ebe1a809dcd8de77f1d7",
                "shasum": "",
                "mirrors": [
                    {
                        "url": "https://mirrors.aliyun.com/composer/dists/%package%/%reference%.%type%",
                        "preferred": true
                    }
                ]
            },
            "require": {
                "ext-mbstring": "*",
                "php": ">=7.1"
            },
            "require-dev": {
                "friendsofphp/php-cs-fixer": "^3.0",
                "phpunit/phpunit": "^8.5",
                "swoole/ide-helper": ">=4.4.19"
            },
            "suggest": {
                "ext-swoole": "The ext-swoole >= v4.4.19 needs to be loaded when using the MQTT Client."
            },
            "type": "library",
            "autoload": {
                "psr-4": {
                    "Simps\\MQTT\\": "src/"
                }
            },
            "notification-url": "https://packagist.org/downloads/",
            "license": [
                "Apache-2.0"
            ],
            "authors": [
                {
                    "name": "Lu Fei",
                    "email": "lufei@simps.io"
                }
            ],
            "description": "MQTT Protocol Analysis and Coroutine Client for PHP",
            "keywords": [
                "client",
                "coroutine",
                "mqtt",
                "mqtt3.1",
                "mqtt5.0",
                "mqtt_client",
                "mqtt_protocol",
                "php",
                "simps",
                "swoole"
            ],
            "support": {
                "issues": "https://github.com/simps/mqtt/issues",
                "source": "https://github.com/simps/mqtt/tree/v1.4.0"
            },
            "funding": [
                {
                    "url": "https://simps.io/#/zh-cn/donate",
                    "type": "custom"
                },
                {
                    "url": "https://github.com/simple-swoole",
                    "type": "github"
                },
                {
                    "url": "https://opencollective.com/simps",
                    "type": "open_collective"
                }
            ],
            "time": "2021-09-12T08:13:48+00:00"
        }
    ],
    "packages-dev": [],
    "aliases": [],
    "minimum-stability": "stable",
    "stability-flags": [],
    "prefer-stable": false,
    "prefer-lowest": false,
    "platform": [],
    "platform-dev": [],
    "plugin-api-version": "2.0.0"
}
